{
  "name": "MidnightCityTheater",
  "lockfileVersion": 3,
  "requires": true,
  "packages": {
    "": {
      "dependencies": {
        "ngx-bootstrap": "^11.0.2"
      }
    },
    "node_modules/@angular/animations": {
      "version": "16.2.10",
      "resolved": "https://registry.npmjs.org/@angular/animations/-/animations-16.2.10.tgz",
      "integrity": "sha512-UudunZoyFWWNpuWkwiBxC3cleLCVJGHIfMgypFwC35YjtiIlRJ0r4nVkc96Rq1xd4mT71Dbk1kQHc8urB8A7aw==",
      "peer": true,
      "dependencies": {
        "tslib": "^2.3.0"
      },
      "engines": {
        "node": "^16.14.0 || >=18.10.0"
      },
      "peerDependencies": {
        "@angular/core": "16.2.10"
      }
    },
    "node_modules/@angular/common": {
      "version": "16.2.10",
      "resolved": "https://registry.npmjs.org/@angular/common/-/common-16.2.10.tgz",
      "integrity": "sha512-cLth66aboInNcWFjDBRmK30jC5KN10nKDDcv4U/r3TDTBpKOtnmTjNFFr7dmjfUmVhHFy/66piBMfpjZI93Rxg==",
      "peer": true,
      "dependencies": {
        "tslib": "^2.3.0"
      },
      "engines": {
        "node": "^16.14.0 || >=18.10.0"
      },
      "peerDependencies": {
        "@angular/core": "16.2.10",
        "rxjs": "^6.5.3 || ^7.4.0"
      }
    },
    "node_modules/@angular/core": {
      "version": "16.2.10",
      "resolved": "https://registry.npmjs.org/@angular/core/-/core-16.2.10.tgz",
      "integrity": "sha512-0XTsPjNflFhOl2CfNEdGeDOklG2t+m/D3g10Y7hg9dBjC1dURUEqTmM4d6J7JNbBURrP+/iP7uLsn3WRSipGUw==",
      "peer": true,
      "dependencies": {
        "tslib": "^2.3.0"
      },
      "engines": {
        "node": "^16.14.0 || >=18.10.0"
      },
      "peerDependencies": {
        "rxjs": "^6.5.3 || ^7.4.0",
        "zone.js": "~0.13.0"
      }
    },
    "node_modules/@angular/forms": {
      "version": "16.2.10",
      "resolved": "https://registry.npmjs.org/@angular/forms/-/forms-16.2.10.tgz",
      "integrity": "sha512-TZliEtSWIL1UzY8kjed4QcMawWS8gk/H60KVgzCh83NGE0wd1OGv20Z5OR7O8j07dxB9vaxY7CQz/8eCz5KaNQ==",
      "peer": true,
      "dependencies": {
        "tslib": "^2.3.0"
      },
      "engines": {
        "node": "^16.14.0 || >=18.10.0"
      },
      "peerDependencies": {
        "@angular/common": "16.2.10",
        "@angular/core": "16.2.10",
        "@angular/platform-browser": "16.2.10",
        "rxjs": "^6.5.3 || ^7.4.0"
      }
    },
    "node_modules/@angular/platform-browser": {
      "version": "16.2.10",
      "resolved": "https://registry.npmjs.org/@angular/platform-browser/-/platform-browser-16.2.10.tgz",
      "integrity": "sha512-TOZiK7ji550F8G39Ri255NnK1+2Xlr74RiElJdQct4TzfN0lqNf2KRDFFNwDohkP/78FUzcP4qBxs+Nf8M7OuQ==",
      "peer": true,
      "dependencies": {
        "tslib": "^2.3.0"
      },
      "engines": {
        "node": "^16.14.0 || >=18.10.0"
      },
      "peerDependencies": {
        "@angular/animations": "16.2.10",
        "@angular/common": "16.2.10",
        "@angular/core": "16.2.10"
      },
      "peerDependenciesMeta": {
        "@angular/animations": {
          "optional": true
        }
      }
    },
    "node_modules/ngx-bootstrap": {
      "version": "11.0.2",
      "resolved": "https://registry.npmjs.org/ngx-bootstrap/-/ngx-bootstrap-11.0.2.tgz",
      "integrity": "sha512-McvQ72XB6692Jus47jahWWwjpSCa6EtHMIqoyMewKCEHMv0ybDgVnOAdEsWKvwfulowHn7Y/jDjeiURwYJG9cQ==",
      "dependencies": {
        "tslib": "^2.3.0"
      },
      "peerDependencies": {
        "@angular/animations": "^16.0.0",
        "@angular/common": "^16.0.0",
        "@angular/core": "^16.0.0",
        "@angular/forms": "^16.0.0",
        "rxjs": "^6.5.3 || ^7.6.0"
      }
    },
    "node_modules/rxjs": {
      "version": "7.8.1",
      "resolved": "https://registry.npmjs.org/rxjs/-/rxjs-7.8.1.tgz",
      "integrity": "sha512-AA3TVj+0A2iuIoQkWEK/tqFjBq2j+6PO6Y0zJcvzLAFhEFIO3HL0vls9hWLncZbAAbK0mar7oZ4V079I/qPMxg==",
      "peer": true,
      "dependencies": {
        "tslib": "^2.1.0"
      }
    },
    "node_modules/tslib": {
      "version": "2.6.2",
      "resolved": "https://registry.npmjs.org/tslib/-/tslib-2.6.2.tgz",
      "integrity": "sha512-AEYxH93jGFPn/a2iVAwW87VuUIkR1FVUKB77NwMF7nBTDkDrrT/Hpt/IrCJ0QXhW27jTBDcf5ZY7w6RiqTMw2Q=="
    },
    "node_modules/zone.js": {
      "version": "0.13.3",
      "resolved": "https://registry.npmjs.org/zone.js/-/zone.js-0.13.3.tgz",
      "integrity": "sha512-MKPbmZie6fASC/ps4dkmIhaT5eonHkEt6eAy80K42tAm0G2W+AahLJjbfi6X9NPdciOE9GRFTTM8u2IiF6O3ww==",
      "peer": true,
      "dependencies": {
        "tslib": "^2.3.0"
      }
    }
  }
}
